// !$*UTF8*$!
{
	archiveVersion = 1;
	classes = {
	};
	objectVersion = 46;
	objects = {

/* Begin PBXBuildFile section */
		226E5FA11D1E7276005FF845 /* img_start6P.png in Resources */ = {isa = PBXBuildFile; fileRef = 226E5FA01D1E7276005FF845 /* img_start6P.png */; };
		226E5FA51D1ED966005FF845 /* LaunchScreen.xib in Resources */ = {isa = PBXBuildFile; fileRef = 226E5FA41D1ED966005FF845 /* LaunchScreen.xib */; };
		22A913DD1D1D98390037500E /* main.m in Sources */ = {isa = PBXBuildFile; fileRef = 22A913DC1D1D98390037500E /* main.m */; };
		22A913E01D1D98390037500E /* ZCAppDelegate.m in Sources */ = {isa = PBXBuildFile; fileRef = 22A913DF1D1D98390037500E /* ZCAppDelegate.m */; };
		22A913E81D1D98390037500E /* Assets.xcassets in Resources */ = {isa = PBXBuildFile; fileRef = 22A913E71D1D98390037500E /* Assets.xcassets */; };
		22A913F61D1D9A5E0037500E /* ZCTabViewController.m in Sources */ = {isa = PBXBuildFile; fileRef = 22A913F51D1D9A5E0037500E /* ZCTabViewController.m */; };
		22DCF9781D224E0400B27F8E /* tabCarDefault@1x.png in Resources */ = {isa = PBXBuildFile; fileRef = 22DCF95A1D224E0400B27F8E /* tabCarDefault@1x.png */; };
		22DCF9791D224E0400B27F8E /* tabCarDefault@2x.png in Resources */ = {isa = PBXBuildFile; fileRef = 22DCF95B1D224E0400B27F8E /* tabCarDefault@2x.png */; };
		22DCF97A1D224E0400B27F8E /* tabCarDefault@3x.png in Resources */ = {isa = PBXBuildFile; fileRef = 22DCF95C1D224E0400B27F8E /* tabCarDefault@3x.png */; };
		22DCF97B1D224E0400B27F8E /* tabCarSelected@1x.png in Resources */ = {isa = PBXBuildFile; fileRef = 22DCF95D1D224E0400B27F8E /* tabCarSelected@1x.png */; };
		22DCF97C1D224E0400B27F8E /* tabCarSelected@2x.png in Resources */ = {isa = PBXBuildFile; fileRef = 22DCF95E1D224E0400B27F8E /* tabCarSelected@2x.png */; };
		22DCF97D1D224E0400B27F8E /* tabCarSelected@3x.png in Resources */ = {isa = PBXBuildFile; fileRef = 22DCF95F1D224E0400B27F8E /* tabCarSelected@3x.png */; };
		22DCF97E1D224E0400B27F8E /* tabDianDefault@1x.png in Resources */ = {isa = PBXBuildFile; fileRef = 22DCF9601D224E0400B27F8E /* tabDianDefault@1x.png */; };
		22DCF97F1D224E0400B27F8E /* tabDianDefault@2x.png in Resources */ = {isa = PBXBuildFile; fileRef = 22DCF9611D224E0400B27F8E /* tabDianDefault@2x.png */; };
		22DCF9801D224E0400B27F8E /* tabDianDefault@3x.png in Resources */ = {isa = PBXBuildFile; fileRef = 22DCF9621D224E0400B27F8E /* tabDianDefault@3x.png */; };
		22DCF9811D224E0400B27F8E /* tabDianSelected@1x.png in Resources */ = {isa = PBXBuildFile; fileRef = 22DCF9631D224E0400B27F8E /* tabDianSelected@1x.png */; };
		22DCF9821D224E0400B27F8E /* tabDianSelected@2x.png in Resources */ = {isa = PBXBuildFile; fileRef = 22DCF9641D224E0400B27F8E /* tabDianSelected@2x.png */; };
		22DCF9831D224E0400B27F8E /* tabDianSelected@3x.png in Resources */ = {isa = PBXBuildFile; fileRef = 22DCF9651D224E0400B27F8E /* tabDianSelected@3x.png */; };
		22DCF9841D224E0400B27F8E /* TabHomeDefault@1x.png in Resources */ = {isa = PBXBuildFile; fileRef = 22DCF9661D224E0400B27F8E /* TabHomeDefault@1x.png */; };
		22DCF9851D224E0400B27F8E /* TabHomeDefault@2x.png in Resources */ = {isa = PBXBuildFile; fileRef = 22DCF9671D224E0400B27F8E /* TabHomeDefault@2x.png */; };
		22DCF9861D224E0400B27F8E /* TabHomeDefault@3x.png in Resources */ = {isa = PBXBuildFile; fileRef = 22DCF9681D224E0400B27F8E /* TabHomeDefault@3x.png */; };
		22DCF9871D224E0400B27F8E /* TabHomeSelected@1x.png in Resources */ = {isa = PBXBuildFile; fileRef = 22DCF9691D224E0400B27F8E /* TabHomeSelected@1x.png */; };
		22DCF9881D224E0400B27F8E /* TabHomeSelected@2x.png in Resources */ = {isa = PBXBuildFile; fileRef = 22DCF96A1D224E0400B27F8E /* TabHomeSelected@2x.png */; };
		22DCF9891D224E0400B27F8E /* TabHomeSelected@3x.png in Resources */ = {isa = PBXBuildFile; fileRef = 22DCF96B1D224E0400B27F8E /* TabHomeSelected@3x.png */; };
		22DCF98A1D224E0400B27F8E /* tabMyDefault@1x.png in Resources */ = {isa = PBXBuildFile; fileRef = 22DCF96C1D224E0400B27F8E /* tabMyDefault@1x.png */; };
		22DCF98B1D224E0400B27F8E /* tabMyDefault@2x.png in Resources */ = {isa = PBXBuildFile; fileRef = 22DCF96D1D224E0400B27F8E /* tabMyDefault@2x.png */; };
		22DCF98C1D224E0400B27F8E /* tabMyDefault@3x.png in Resources */ = {isa = PBXBuildFile; fileRef = 22DCF96E1D224E0400B27F8E /* tabMyDefault@3x.png */; };
		22DCF98D1D224E0400B27F8E /* tabMyselected@1x.png in Resources */ = {isa = PBXBuildFile; fileRef = 22DCF96F1D224E0400B27F8E /* tabMyselected@1x.png */; };
		22DCF98E1D224E0400B27F8E /* tabMyselected@2x.png in Resources */ = {isa = PBXBuildFile; fileRef = 22DCF9701D224E0400B27F8E /* tabMyselected@2x.png */; };
		22DCF98F1D224E0400B27F8E /* tabMyselected@3x.png in Resources */ = {isa = PBXBuildFile; fileRef = 22DCF9711D224E0400B27F8E /* tabMyselected@3x.png */; };
		22DCF9901D224E0400B27F8E /* TabSupermarketDefault@1x.png in Resources */ = {isa = PBXBuildFile; fileRef = 22DCF9721D224E0400B27F8E /* TabSupermarketDefault@1x.png */; };
		22DCF9911D224E0400B27F8E /* TabSupermarketDefault@2x.png in Resources */ = {isa = PBXBuildFile; fileRef = 22DCF9731D224E0400B27F8E /* TabSupermarketDefault@2x.png */; };
		22DCF9921D224E0400B27F8E /* TabSupermarketDefault@3x.png in Resources */ = {isa = PBXBuildFile; fileRef = 22DCF9741D224E0400B27F8E /* TabSupermarketDefault@3x.png */; };
		22DCF9931D224E0400B27F8E /* TabSupermarketSelected@1x.png in Resources */ = {isa = PBXBuildFile; fileRef = 22DCF9751D224E0400B27F8E /* TabSupermarketSelected@1x.png */; };
		22DCF9941D224E0400B27F8E /* TabSupermarketSelected@2x.png in Resources */ = {isa = PBXBuildFile; fileRef = 22DCF9761D224E0400B27F8E /* TabSupermarketSelected@2x.png */; };
		22DCF9951D224E0400B27F8E /* TabSupermarketSelected@3x.png in Resources */ = {isa = PBXBuildFile; fileRef = 22DCF9771D224E0400B27F8E /* TabSupermarketSelected@3x.png */; };
		22DCF99A1D22560300B27F8E /* HomeViewController.m in Sources */ = {isa = PBXBuildFile; fileRef = 22DCF9981D22560300B27F8E /* HomeViewController.m */; };
		22DCF99B1D22560300B27F8E /* HomeViewController.xib in Resources */ = {isa = PBXBuildFile; fileRef = 22DCF9991D22560300B27F8E /* HomeViewController.xib */; };
		22DCF9D01D22B3BF00B27F8E /* StoreViewController.m in Sources */ = {isa = PBXBuildFile; fileRef = 22DCF9CE1D22B3BF00B27F8E /* StoreViewController.m */; };
		22DCF9D11D22B3BF00B27F8E /* StoreViewController.xib in Resources */ = {isa = PBXBuildFile; fileRef = 22DCF9CF1D22B3BF00B27F8E /* StoreViewController.xib */; };
/* End PBXBuildFile section */

/* Begin PBXFileReference section */
		226E5FA01D1E7276005FF845 /* img_start6P.png */ = {isa = PBXFileReference; lastKnownFileType = image.png; path = img_start6P.png; sourceTree = "<group>"; };
		226E5FA41D1ED966005FF845 /* LaunchScreen.xib */ = {isa = PBXFileReference; fileEncoding = 4; lastKnownFileType = file.xib; path = LaunchScreen.xib; sourceTree = "<group>"; };
		22A913D81D1D98390037500E /* ZjddConsumer.app */ = {isa = PBXFileReference; explicitFileType = wrapper.application; includeInIndex = 0; path = ZjddConsumer.app; sourceTree = BUILT_PRODUCTS_DIR; };
		22A913DC1D1D98390037500E /* main.m */ = {isa = PBXFileReference; lastKnownFileType = sourcecode.c.objc; path = main.m; sourceTree = "<group>"; };
		22A913DE1D1D98390037500E /* ZCAppDelegate.h */ = {isa = PBXFileReference; lastKnownFileType = sourcecode.c.h; path = ZCAppDelegate.h; sourceTree = "<group>"; };
		22A913DF1D1D98390037500E /* ZCAppDelegate.m */ = {isa = PBXFileReference; lastKnownFileType = sourcecode.c.objc; path = ZCAppDelegate.m; sourceTree = "<group>"; };
		22A913E71D1D98390037500E /* Assets.xcassets */ = {isa = PBXFileReference; lastKnownFileType = folder.assetcatalog; path = Assets.xcassets; sourceTree = "<group>"; };
		22A913EC1D1D98390037500E /* Info.plist */ = {isa = PBXFileReference; lastKnownFileType = text.plist.xml; path = Info.plist; sourceTree = "<group>"; };
		22A913F41D1D9A5E0037500E /* ZCTabViewController.h */ = {isa = PBXFileReference; fileEncoding = 4; lastKnownFileType = sourcecode.c.h; path = ZCTabViewController.h; sourceTree = "<group>"; };
		22A913F51D1D9A5E0037500E /* ZCTabViewController.m */ = {isa = PBXFileReference; fileEncoding = 4; lastKnownFileType = sourcecode.c.objc; path = ZCTabViewController.m; sourceTree = "<group>"; };
		22DCF95A1D224E0400B27F8E /* tabCarDefault@1x.png */ = {isa = PBXFileReference; lastKnownFileType = image.png; path = "tabCarDefault@1x.png"; sourceTree = "<group>"; };
		22DCF95B1D224E0400B27F8E /* tabCarDefault@2x.png */ = {isa = PBXFileReference; lastKnownFileType = image.png; path = "tabCarDefault@2x.png"; sourceTree = "<group>"; };
		22DCF95C1D224E0400B27F8E /* tabCarDefault@3x.png */ = {isa = PBXFileReference; lastKnownFileType = image.png; path = "tabCarDefault@3x.png"; sourceTree = "<group>"; };
		22DCF95D1D224E0400B27F8E /* tabCarSelected@1x.png */ = {isa = PBXFileReference; lastKnownFileType = image.png; path = "tabCarSelected@1x.png"; sourceTree = "<group>"; };
		22DCF95E1D224E0400B27F8E /* tabCarSelected@2x.png */ = {isa = PBXFileReference; lastKnownFileType = image.png; path = "tabCarSelected@2x.png"; sourceTree = "<group>"; };
		22DCF95F1D224E0400B27F8E /* tabCarSelected@3x.png */ = {isa = PBXFileReference; lastKnownFileType = image.png; path = "tabCarSelected@3x.png"; sourceTree = "<group>"; };
		22DCF9601D224E0400B27F8E /* tabDianDefault@1x.png */ = {isa = PBXFileReference; lastKnownFileType = image.png; path = "tabDianDefault@1x.png"; sourceTree = "<group>"; };
		22DCF9611D224E0400B27F8E /* tabDianDefault@2x.png */ = {isa = PBXFileReference; lastKnownFileType = image.png; path = "tabDianDefault@2x.png"; sourceTree = "<group>"; };
		22DCF9621D224E0400B27F8E /* tabDianDefault@3x.png */ = {isa = PBXFileReference; lastKnownFileType = image.png; path = "tabDianDefault@3x.png"; sourceTree = "<group>"; };
		22DCF9631D224E0400B27F8E /* tabDianSelected@1x.png */ = {isa = PBXFileReference; lastKnownFileType = image.png; path = "tabDianSelected@1x.png"; sourceTree = "<group>"; };
		22DCF9641D224E0400B27F8E /* tabDianSelected@2x.png */ = {isa = PBXFileReference; lastKnownFileType = image.png; path = "tabDianSelected@2x.png"; sourceTree = "<group>"; };
		22DCF9651D224E0400B27F8E /* tabDianSelected@3x.png */ = {isa = PBXFileReference; lastKnownFileType = image.png; path = "tabDianSelected@3x.png"; sourceTree = "<group>"; };
		22DCF9661D224E0400B27F8E /* TabHomeDefault@1x.png */ = {isa = PBXFileReference; lastKnownFileType = image.png; path = "TabHomeDefault@1x.png"; sourceTree = "<group>"; };
		22DCF9671D224E0400B27F8E /* TabHomeDefault@2x.png */ = {isa = PBXFileReference; lastKnownFileType = image.png; path = "TabHomeDefault@2x.png"; sourceTree = "<group>"; };
		22DCF9681D224E0400B27F8E /* TabHomeDefault@3x.png */ = {isa = PBXFileReference; lastKnownFileType = image.png; path = "TabHomeDefault@3x.png"; sourceTree = "<group>"; };
		22DCF9691D224E0400B27F8E /* TabHomeSelected@1x.png */ = {isa = PBXFileReference; lastKnownFileType = image.png; path = "TabHomeSelected@1x.png"; sourceTree = "<group>"; };
		22DCF96A1D224E0400B27F8E /* TabHomeSelected@2x.png */ = {isa = PBXFileReference; lastKnownFileType = image.png; path = "TabHomeSelected@2x.png"; sourceTree = "<group>"; };
		22DCF96B1D224E0400B27F8E /* TabHomeSelected@3x.png */ = {isa = PBXFileReference; lastKnownFileType = image.png; path = "TabHomeSelected@3x.png"; sourceTree = "<group>"; };
		22DCF96C1D224E0400B27F8E /* tabMyDefault@1x.png */ = {isa = PBXFileReference; lastKnownFileType = image.png; path = "tabMyDefault@1x.png"; sourceTree = "<group>"; };
		22DCF96D1D224E0400B27F8E /* tabMyDefault@2x.png */ = {isa = PBXFileReference; lastKnownFileType = image.png; path = "tabMyDefault@2x.png"; sourceTree = "<group>"; };
		22DCF96E1D224E0400B27F8E /* tabMyDefault@3x.png */ = {isa = PBXFileReference; lastKnownFileType = image.png; path = "tabMyDefault@3x.png"; sourceTree = "<group>"; };
		22DCF96F1D224E0400B27F8E /* tabMyselected@1x.png */ = {isa = PBXFileReference; lastKnownFileType = image.png; path = "tabMyselected@1x.png"; sourceTree = "<group>"; };
		22DCF9701D224E0400B27F8E /* tabMyselected@2x.png */ = {isa = PBXFileReference; lastKnownFileType = image.png; path = "tabMyselected@2x.png"; sourceTree = "<group>"; };
		22DCF9711D224E0400B27F8E /* tabMyselected@3x.png */ = {isa = PBXFileReference; lastKnownFileType = image.png; path = "tabMyselected@3x.png"; sourceTree = "<group>"; };
		22DCF9721D224E0400B27F8E /* TabSupermarketDefault@1x.png */ = {isa = PBXFileReference; lastKnownFileType = image.png; path = "TabSupermarketDefault@1x.png"; sourceTree = "<group>"; };
		22DCF9731D224E0400B27F8E /* TabSupermarketDefault@2x.png */ = {isa = PBXFileReference; lastKnownFileType = image.png; path = "TabSupermarketDefault@2x.png"; sourceTree = "<group>"; };
		22DCF9741D224E0400B27F8E /* TabSupermarketDefault@3x.png */ = {isa = PBXFileReference; lastKnownFileType = image.png; path = "TabSupermarketDefault@3x.png"; sourceTree = "<group>"; };
		22DCF9751D224E0400B27F8E /* TabSupermarketSelected@1x.png */ = {isa = PBXFileReference; lastKnownFileType = image.png; path = "TabSupermarketSelected@1x.png"; sourceTree = "<group>"; };
		22DCF9761D224E0400B27F8E /* TabSupermarketSelected@2x.png */ = {isa = PBXFileReference; lastKnownFileType = image.png; path = "TabSupermarketSelected@2x.png"; sourceTree = "<group>"; };
		22DCF9771D224E0400B27F8E /* TabSupermarketSelected@3x.png */ = {isa = PBXFileReference; lastKnownFileType = image.png; path = "TabSupermarketSelected@3x.png"; sourceTree = "<group>"; };
		22DCF9971D22560300B27F8E /* HomeViewController.h */ = {isa = PBXFileReference; fileEncoding = 4; lastKnownFileType = sourcecode.c.h; path = HomeViewController.h; sourceTree = "<group>"; };
		22DCF9981D22560300B27F8E /* HomeViewController.m */ = {isa = PBXFileReference; fileEncoding = 4; lastKnownFileType = sourcecode.c.objc; path = HomeViewController.m; sourceTree = "<group>"; };
		22DCF9991D22560300B27F8E /* HomeViewController.xib */ = {isa = PBXFileReference; fileEncoding = 4; lastKnownFileType = file.xib; path = HomeViewController.xib; sourceTree = "<group>"; };
		22DCF9CD1D22B3BF00B27F8E /* StoreViewController.h */ = {isa = PBXFileReference; fileEncoding = 4; lastKnownFileType = sourcecode.c.h; path = StoreViewController.h; sourceTree = "<group>"; };
		22DCF9CE1D22B3BF00B27F8E /* StoreViewController.m */ = {isa = PBXFileReference; fileEncoding = 4; lastKnownFileType = sourcecode.c.objc; path = StoreViewController.m; sourceTree = "<group>"; };
		22DCF9CF1D22B3BF00B27F8E /* StoreViewController.xib */ = {isa = PBXFileReference; fileEncoding = 4; lastKnownFileType = file.xib; path = StoreViewController.xib; sourceTree = "<group>"; };
		22DCF9D81D22C0C200B27F8E /* Colors.h */ = {isa = PBXFileReference; fileEncoding = 4; lastKnownFileType = sourcecode.c.h; path = Colors.h; sourceTree = "<group>"; };
/* End PBXFileReference section */

/* Begin PBXFrameworksBuildPhase section */
		22A913D51D1D98390037500E /* Frameworks */ = {
			isa = PBXFrameworksBuildPhase;
			buildActionMask = 2147483647;
			files = (
			);
			runOnlyForDeploymentPostprocessing = 0;
		};
/* End PBXFrameworksBuildPhase section */

/* Begin PBXGroup section */
		226E5F9D1D1E2867005FF845 /* LaunchScreen */ = {
			isa = PBXGroup;
			children = (
				226E5FA41D1ED966005FF845 /* LaunchScreen.xib */,
			);
			name = LaunchScreen;
			sourceTree = "<group>";
		};
		226E5F9E1D1E3B2B005FF845 /* Assets */ = {
			isa = PBXGroup;
			children = (
				226E5F9F1D1E3B3F005FF845 /* Images */,
			);
			name = Assets;
			sourceTree = "<group>";
		};
		226E5F9F1D1E3B3F005FF845 /* Images */ = {
			isa = PBXGroup;
			children = (
				22DCF9591D224D9100B27F8E /* TabImages */,
				226E5FA01D1E7276005FF845 /* img_start6P.png */,
			);
			name = Images;
			sourceTree = "<group>";
		};
		22A913CF1D1D98390037500E = {
			isa = PBXGroup;
			children = (
				22A913DA1D1D98390037500E /* ZjddConsumer */,
				22A913D91D1D98390037500E /* Products */,
			);
			sourceTree = "<group>";
		};
		22A913D91D1D98390037500E /* Products */ = {
			isa = PBXGroup;
			children = (
				22A913D81D1D98390037500E /* ZjddConsumer.app */,
			);
			name = Products;
			sourceTree = "<group>";
		};
		22A913DA1D1D98390037500E /* ZjddConsumer */ = {
			isa = PBXGroup;
			children = (
				22DCF9DB1D2368C700B27F8E /* Pages */,
				22DCF9D21D22BD3B00B27F8E /* Config */,
				226E5F9E1D1E3B2B005FF845 /* Assets */,
				22A913F21D1D99A10037500E /* Init */,
				226E5F9D1D1E2867005FF845 /* LaunchScreen */,
				22A913E71D1D98390037500E /* Assets.xcassets */,
				22A913EC1D1D98390037500E /* Info.plist */,
				22A913DB1D1D98390037500E /* Supporting Files */,
			);
			path = ZjddConsumer;
			sourceTree = "<group>";
		};
		22A913DB1D1D98390037500E /* Supporting Files */ = {
			isa = PBXGroup;
			children = (
				22A913DC1D1D98390037500E /* main.m */,
			);
			name = "Supporting Files";
			sourceTree = "<group>";
		};
		22A913F21D1D99A10037500E /* Init */ = {
			isa = PBXGroup;
			children = (
				22A913DE1D1D98390037500E /* ZCAppDelegate.h */,
				22A913DF1D1D98390037500E /* ZCAppDelegate.m */,
				22A913F41D1D9A5E0037500E /* ZCTabViewController.h */,
				22A913F51D1D9A5E0037500E /* ZCTabViewController.m */,
			);
			name = Init;
			sourceTree = "<group>";
		};
		22DCF9591D224D9100B27F8E /* TabImages */ = {
			isa = PBXGroup;
			children = (
				22DCF95A1D224E0400B27F8E /* tabCarDefault@1x.png */,
				22DCF95B1D224E0400B27F8E /* tabCarDefault@2x.png */,
				22DCF95C1D224E0400B27F8E /* tabCarDefault@3x.png */,
				22DCF95D1D224E0400B27F8E /* tabCarSelected@1x.png */,
				22DCF95E1D224E0400B27F8E /* tabCarSelected@2x.png */,
				22DCF95F1D224E0400B27F8E /* tabCarSelected@3x.png */,
				22DCF9601D224E0400B27F8E /* tabDianDefault@1x.png */,
				22DCF9611D224E0400B27F8E /* tabDianDefault@2x.png */,
				22DCF9621D224E0400B27F8E /* tabDianDefault@3x.png */,
				22DCF9631D224E0400B27F8E /* tabDianSelected@1x.png */,
				22DCF9641D224E0400B27F8E /* tabDianSelected@2x.png */,
				22DCF9651D224E0400B27F8E /* tabDianSelected@3x.png */,
				22DCF9661D224E0400B27F8E /* TabHomeDefault@1x.png */,
				22DCF9671D224E0400B27F8E /* TabHomeDefault@2x.png */,
				22DCF9681D224E0400B27F8E /* TabHomeDefault@3x.png */,
				22DCF9691D224E0400B27F8E /* TabHomeSelected@1x.png */,
				22DCF96A1D224E0400B27F8E /* TabHomeSelected@2x.png */,
				22DCF96B1D224E0400B27F8E /* TabHomeSelected@3x.png */,
				22DCF96C1D224E0400B27F8E /* tabMyDefault@1x.png */,
				22DCF96D1D224E0400B27F8E /* tabMyDefault@2x.png */,
				22DCF96E1D224E0400B27F8E /* tabMyDefault@3x.png */,
				22DCF96F1D224E0400B27F8E /* tabMyselected@1x.png */,
				22DCF9701D224E0400B27F8E /* tabMyselected@2x.png */,
				22DCF9711D224E0400B27F8E /* tabMyselected@3x.png */,
				22DCF9721D224E0400B27F8E /* TabSupermarketDefault@1x.png */,
				22DCF9731D224E0400B27F8E /* TabSupermarketDefault@2x.png */,
				22DCF9741D224E0400B27F8E /* TabSupermarketDefault@3x.png */,
				22DCF9751D224E0400B27F8E /* TabSupermarketSelected@1x.png */,
				22DCF9761D224E0400B27F8E /* TabSupermarketSelected@2x.png */,
				22DCF9771D224E0400B27F8E /* TabSupermarketSelected@3x.png */,
			);
			name = TabImages;
			sourceTree = "<group>";
		};
		22DCF9961D2255E200B27F8E /* Home */ = {
			isa = PBXGroup;
			children = (
				22DCF9971D22560300B27F8E /* HomeViewController.h */,
				22DCF9981D22560300B27F8E /* HomeViewController.m */,
				22DCF9991D22560300B27F8E /* HomeViewController.xib */,
			);
			name = Home;
			sourceTree = "<group>";
		};
		22DCF9CC1D22B3AC00B27F8E /* Store */ = {
			isa = PBXGroup;
			children = (
				22DCF9CD1D22B3BF00B27F8E /* StoreViewController.h */,
				22DCF9CE1D22B3BF00B27F8E /* StoreViewController.m */,
				22DCF9CF1D22B3BF00B27F8E /* StoreViewController.xib */,
			);
			name = Store;
			sourceTree = "<group>";
		};
		22DCF9D21D22BD3B00B27F8E /* Config */ = {
			isa = PBXGroup;
			children = (
				22DCF9D81D22C0C200B27F8E /* Colors.h */,
			);
			name = Config;
			sourceTree = "<group>";
		};
		22DCF9DB1D2368C700B27F8E /* Pages */ = {
			isa = PBXGroup;
			children = (
				22DCF9CC1D22B3AC00B27F8E /* Store */,
				22DCF9961D2255E200B27F8E /* Home */,
			);
			name = Pages;
			sourceTree = "<group>";
		};
/* End PBXGroup section */

/* Begin PBXNativeTarget section */
		22A913D71D1D98390037500E /* ZjddConsumer */ = {
			isa = PBXNativeTarget;
			buildConfigurationList = 22A913EF1D1D98390037500E /* Build configuration list for PBXNativeTarget "ZjddConsumer" */;
			buildPhases = (
				22A913D41D1D98390037500E /* Sources */,
				22A913D51D1D98390037500E /* Frameworks */,
				22A913D61D1D98390037500E /* Resources */,
			);
			buildRules = (
			);
			dependencies = (
			);
			name = ZjddConsumer;
			productName = ZjddConsumer;
			productReference = 22A913D81D1D98390037500E /* ZjddConsumer.app */;
			productType = "com.apple.product-type.application";
		};
/* End PBXNativeTarget section */

/* Begin PBXProject section */
		22A913D01D1D98390037500E /* Project object */ = {
			isa = PBXProject;
			attributes = {
				LastUpgradeCheck = 0720;
				ORGANIZATIONNAME = feizheng;
				TargetAttributes = {
					22A913D71D1D98390037500E = {
						CreatedOnToolsVersion = 7.2.1;
					};
				};
			};
			buildConfigurationList = 22A913D31D1D98390037500E /* Build configuration list for PBXProject "ZjddConsumer" */;
			compatibilityVersion = "Xcode 3.2";
			developmentRegion = English;
			hasScannedForEncodings = 0;
			knownRegions = (
				en,
				Base,
			);
			mainGroup = 22A913CF1D1D98390037500E;
			productRefGroup = 22A913D91D1D98390037500E /* Products */;
			projectDirPath = "";
			projectRoot = "";
			targets = (
				22A913D71D1D98390037500E /* ZjddConsumer */,
			);
		};
/* End PBXProject section */

/* Begin PBXResourcesBuildPhase section */
		22A913D61D1D98390037500E /* Resources */ = {
			isa = PBXResourcesBuildPhase;
			buildActionMask = 2147483647;
			files = (
				22DCF98D1D224E0400B27F8E /* tabMyselected@1x.png in Resources */,
				22DCF98F1D224E0400B27F8E /* tabMyselected@3x.png in Resources */,
				22DCF9891D224E0400B27F8E /* TabHomeSelected@3x.png in Resources */,
				22DCF9811D224E0400B27F8E /* tabDianSelected@1x.png in Resources */,
				22DCF97C1D224E0400B27F8E /* tabCarSelected@2x.png in Resources */,
				22DCF97A1D224E0400B27F8E /* tabCarDefault@3x.png in Resources */,
				226E5FA11D1E7276005FF845 /* img_start6P.png in Resources */,
				22DCF9851D224E0400B27F8E /* TabHomeDefault@2x.png in Resources */,
				22DCF9801D224E0400B27F8E /* tabDianDefault@3x.png in Resources */,
				22DCF9861D224E0400B27F8E /* TabHomeDefault@3x.png in Resources */,
				22DCF97F1D224E0400B27F8E /* tabDianDefault@2x.png in Resources */,
				22DCF9951D224E0400B27F8E /* TabSupermarketSelected@3x.png in Resources */,
				22DCF9901D224E0400B27F8E /* TabSupermarketDefault@1x.png in Resources */,
				22DCF99B1D22560300B27F8E /* HomeViewController.xib in Resources */,
				22DCF98B1D224E0400B27F8E /* tabMyDefault@2x.png in Resources */,
				22DCF9941D224E0400B27F8E /* TabSupermarketSelected@2x.png in Resources */,
				22DCF98A1D224E0400B27F8E /* tabMyDefault@1x.png in Resources */,
				22DCF98C1D224E0400B27F8E /* tabMyDefault@3x.png in Resources */,
				22DCF9841D224E0400B27F8E /* TabHomeDefault@1x.png in Resources */,
				22DCF9931D224E0400B27F8E /* TabSupermarketSelected@1x.png in Resources */,
				22DCF97E1D224E0400B27F8E /* tabDianDefault@1x.png in Resources */,
				22DCF9821D224E0400B27F8E /* tabDianSelected@2x.png in Resources */,
				22DCF97D1D224E0400B27F8E /* tabCarSelected@3x.png in Resources */,
				22DCF9921D224E0400B27F8E /* TabSupermarketDefault@3x.png in Resources */,
				22DCF98E1D224E0400B27F8E /* tabMyselected@2x.png in Resources */,
				226E5FA51D1ED966005FF845 /* LaunchScreen.xib in Resources */,
				22DCF9781D224E0400B27F8E /* tabCarDefault@1x.png in Resources */,
				22A913E81D1D98390037500E /* Assets.xcassets in Resources */,
				22DCF9D11D22B3BF00B27F8E /* StoreViewController.xib in Resources */,
				22DCF97B1D224E0400B27F8E /* tabCarSelected@1x.png in Resources */,
				22DCF9911D224E0400B27F8E /* TabSupermarketDefault@2x.png in Resources */,
				22DCF9881D224E0400B27F8E /* TabHomeSelected@2x.png in Resources */,
				22DCF9791D224E0400B27F8E /* tabCarDefault@2x.png in Resources */,
				22DCF9831D224E0400B27F8E /* tabDianSelected@3x.png in Resources */,
				22DCF9871D224E0400B27F8E /* TabHomeSelected@1x.png in Resources */,
			);
			runOnlyForDeploymentPostprocessing = 0;
		};
/* End PBXResourcesBuildPhase section */

/* Begin PBXSourcesBuildPhase section */
		22A913D41D1D98390037500E /* Sources */ = {
			isa = PBXSourcesBuildPhase;
			buildActionMask = 2147483647;
			files = (
				22A913E01D1D98390037500E /* ZCAppDelegate.m in Sources */,
				22DCF9D01D22B3BF00B27F8E /* StoreViewController.m in Sources */,
				22A913DD1D1D98390037500E /* main.m in Sources */,
				22DCF99A1D22560300B27F8E /* HomeViewController.m in Sources */,
				22A913F61D1D9A5E0037500E /* ZCTabViewController.m in Sources */,
			);
			runOnlyForDeploymentPostprocessing = 0;
		};
/* End PBXSourcesBuildPhase section */

/* Begin XCBuildConfiguration section */
		22A913ED1D1D98390037500E /* Debug */ = {
			isa = XCBuildConfiguration;
			buildSettings = {
				ALWAYS_SEARCH_USER_PATHS = NO;
				CLANG_CXX_LANGUAGE_STANDARD = "gnu++0x";
				CLANG_CXX_LIBRARY = "libc++";
				CLANG_ENABLE_MODULES = YES;
				CLANG_ENABLE_OBJC_ARC = YES;
				CLANG_WARN_BOOL_CONVERSION = YES;
				CLANG_WARN_CONSTANT_CONVERSION = YES;
				CLANG_WARN_DIRECT_OBJC_ISA_USAGE = YES_ERROR;
				CLANG_WARN_EMPTY_BODY = YES;
				CLANG_WARN_ENUM_CONVERSION = YES;
				CLANG_WARN_INT_CONVERSION = YES;
				CLANG_WARN_OBJC_ROOT_CLASS = YES_ERROR;
				CLANG_WARN_UNREACHABLE_CODE = YES;
				CLANG_WARN__DUPLICATE_METHOD_MATCH = YES;
				"CODE_SIGN_IDENTITY[sdk=iphoneos*]" = "iPhone Developer";
				COPY_PHASE_STRIP = NO;
				DEBUG_INFORMATION_FORMAT = dwarf;
				ENABLE_STRICT_OBJC_MSGSEND = YES;
				ENABLE_TESTABILITY = YES;
				GCC_C_LANGUAGE_STANDARD = gnu99;
				GCC_DYNAMIC_NO_PIC = NO;
				GCC_NO_COMMON_BLOCKS = YES;
				GCC_OPTIMIZATION_LEVEL = 0;
				GCC_PREPROCESSOR_DEFINITIONS = (
					"DEBUG=1",
					"$(inherited)",
				);
				GCC_WARN_64_TO_32_BIT_CONVERSION = YES;
				GCC_WARN_ABOUT_RETURN_TYPE = YES_ERROR;
				GCC_WARN_UNDECLARED_SELECTOR = YES;
				GCC_WARN_UNINITIALIZED_AUTOS = YES_AGGRESSIVE;
				GCC_WARN_UNUSED_FUNCTION = YES;
				GCC_WARN_UNUSED_VARIABLE = YES;
				IPHONEOS_DEPLOYMENT_TARGET = 9.2;
				MTL_ENABLE_DEBUG_INFO = YES;
				ONLY_ACTIVE_ARCH = YES;
				SDKROOT = iphoneos;
			};
			name = Debug;
		};
		22A913EE1D1D98390037500E /* Release */ = {
			isa = XCBuildConfiguration;
			buildSettings = {
				ALWAYS_SEARCH_USER_PATHS = NO;
				CLANG_CXX_LANGUAGE_STANDARD = "gnu++0x";
				CLANG_CXX_LIBRARY = "libc++";
				CLANG_ENABLE_MODULES = YES;
				CLANG_ENABLE_OBJC_ARC = YES;
				CLANG_WARN_BOOL_CONVERSION = YES;
				CLANG_WARN_CONSTANT_CONVERSION = YES;
				CLANG_WARN_DIRECT_OBJC_ISA_USAGE = YES_ERROR;
				CLANG_WARN_EMPTY_BODY = YES;
				CLANG_WARN_ENUM_CONVERSION = YES;
				CLANG_WARN_INT_CONVERSION = YES;
				CLANG_WARN_OBJC_ROOT_CLASS = YES_ERROR;
				CLANG_WARN_UNREACHABLE_CODE = YES;
				CLANG_WARN__DUPLICATE_METHOD_MATCH = YES;
				"CODE_SIGN_IDENTITY[sdk=iphoneos*]" = "iPhone Developer";
				COPY_PHASE_STRIP = NO;
				DEBUG_INFORMATION_FORMAT = "dwarf-with-dsym";
				ENABLE_NS_ASSERTIONS = NO;
				ENABLE_STRICT_OBJC_MSGSEND = YES;
				GCC_C_LANGUAGE_STANDARD = gnu99;
				GCC_NO_COMMON_BLOCKS = YES;
				GCC_WARN_64_TO_32_BIT_CONVERSION = YES;
				GCC_WARN_ABOUT_RETURN_TYPE = YES_ERROR;
				GCC_WARN_UNDECLARED_SELECTOR = YES;
				GCC_WARN_UNINITIALIZED_AUTOS = YES_AGGRESSIVE;
				GCC_WARN_UNUSED_FUNCTION = YES;
				GCC_WARN_UNUSED_VARIABLE = YES;
				IPHONEOS_DEPLOYMENT_TARGET = 9.2;
				MTL_ENABLE_DEBUG_INFO = NO;
				SDKROOT = iphoneos;
				VALIDATE_PRODUCT = YES;
			};
			name = Release;
		};
		22A913F01D1D98390037500E /* Debug */ = {
			isa = XCBuildConfiguration;
			buildSettings = {
				ASSETCATALOG_COMPILER_APPICON_NAME = AppIcon;
				ASSETCATALOG_COMPILER_LAUNCHIMAGE_NAME = "Brand Assets";
				INFOPLIST_FILE = ZjddConsumer/Info.plist;
				IPHONEOS_DEPLOYMENT_TARGET = 7.0;
				LD_RUNPATH_SEARCH_PATHS = "$(inherited) @executable_path/Frameworks";
				PRODUCT_BUNDLE_IDENTIFIER = com.feizheng.ZjddConsumer;
				PRODUCT_NAME = "$(TARGET_NAME)";
			};
			name = Debug;
		};
		22A913F11D1D98390037500E /* Release */ = {
			isa = XCBuildConfiguration;
			buildSettings = {
				ASSETCATALOG_COMPILER_APPICON_NAME = AppIcon;
				ASSETCATALOG_COMPILER_LAUNCHIMAGE_NAME = "Brand Assets";
				INFOPLIST_FILE = ZjddConsumer/Info.plist;
				IPHONEOS_DEPLOYMENT_TARGET = 7.0;
				LD_RUNPATH_SEARCH_PATHS = "$(inherited) @executable_path/Frameworks";
				PRODUCT_BUNDLE_IDENTIFIER = com.feizheng.ZjddConsumer;
				PRODUCT_NAME = "$(TARGET_NAME)";
			};
			name = Release;
		};
/* End XCBuildConfiguration section */

/* Begin XCConfigurationList section */
		22A913D31D1D98390037500E /* Build configuration list for PBXProject "ZjddConsumer" */ = {
			isa = XCConfigurationList;
			buildConfigurations = (
				22A913ED1D1D98390037500E /* Debug */,
				22A913EE1D1D98390037500E /* Release */,
			);
			defaultConfigurationIsVisible = 0;
			defaultConfigurationName = Release;
		};
		22A913EF1D1D98390037500E /* Build configuration list for PBXNativeTarget "ZjddConsumer" */ = {
			isa = XCConfigurationList;
			buildConfigurations = (
				22A913F01D1D98390037500E /* Debug */,
				22A913F11D1D98390037500E /* Release */,
			);
			defaultConfigurationIsVisible = 0;
			defaultConfigurationName = Release;
		};
/* End XCConfigurationList section */
	};
	rootObject = 22A913D01D1D98390037500E /* Project object */;
}
